
Microsoft Visual Studio Solution File, Format Version 12.00
# Visual Studio Version 17
VisualStudioVersion = 17.10.34902.84
MinimumVisualStudioVersion = 10.0.40219.1
Project("{FAE04EC0-301F-11D3-BF4B-00C04F79EFBC}") = "StudentManagementSystem", "StudentManagementSystem.csproj", "{55664355-1B8C-4142-8381-E3980F80E21D}"
EndProject
Global
	GlobalSection(SolutionConfigurationPlatforms) = preSolution
		Debug|Any CPU = Debug|Any CPU
		Release|Any CPU = Release|Any CPU
	EndGlobalSection
	GlobalSection(ProjectConfigurationPlatforms) = postSolution
		{55664355-1B8C-4142-8381-E3980F80E21D}.Debug|Any CPU.ActiveCfg = Debug|Any CPU
		{55664355-1B8C-4142-8381-E3980F80E21D}.Debug|Any CPU.Build.0 = Debug|Any CPU
		{55664355-1B8C-4142-8381-E3980F80E21D}.Release|Any CPU.ActiveCfg = Release|Any CPU
		{55664355-1B8C-4142-8381-E3980F80E21D}.Release|Any CPU.Build.0 = Release|Any CPU
	EndGlobalSection
	GlobalSection(SolutionProperties) = preSolution
		HideSolutionNode = FALSE
	EndGlobalSection
	GlobalSection(ExtensibilityGlobals) = postSolution
		SolutionGuid = {2B45DAB2-C42F-4F8E-BD42-199B885F6C1A}
	EndGlobalSection
EndGlobal
